
Microsoft Visual Studio Solution File, Format Version 11.00
# Visual Studio 2010
# SharpDevelop 4.3
Project("{0E96FCFA-9DAC-4534-AC18-01A90C368873}") = "OpenLGP", "OpenLGP\OpenLGP.vcxproj", "{B2302F4E-9C45-4076-AF4B-A0B77806D159}"
EndProject
Global
	GlobalSection(SolutionConfigurationPlatforms) = preSolution
		Debug|Win32 = Debug|Win32
		Release|Win32 = Release|Win32
	EndGlobalSection
	GlobalSection(ProjectConfigurationPlatforms) = postSolution
		{B2302F4E-9C45-4076-AF4B-A0B77806D159}.Debug|Win32.Build.0 = Debug|Win32
		{B2302F4E-9C45-4076-AF4B-A0B77806D159}.Debug|Win32.ActiveCfg = Debug|Win32
		{B2302F4E-9C45-4076-AF4B-A0B77806D159}.Release|Win32.Build.0 = Release|Win32
		{B2302F4E-9C45-4076-AF4B-A0B77806D159}.Release|Win32.ActiveCfg = Release|Win32
	EndGlobalSection
EndGlobal
